<?xml version="1.0" encoding="utf-8"?>
<Project ToolsVersion="4.0" xmlns="http://schemas.microsoft.com/developer/msbuild/2003">
  <ItemGroup>
    <Filter Include="Source Files">
      <UniqueIdentifier>{4FC737F1-C7A5-4376-A066-2A32D752A2FF}</UniqueIdentifier>
      <Extensions>cpp;c;cc;cxx;def;odl;idl;hpj;bat;asm;asmx</Extensions>
    </Filter>
    <Filter Include="Header Files">
      <UniqueIdentifier>{93995380-89BD-4b04-88EB-625FBE52EBFB}</UniqueIdentifier>
      <Extensions>h;hpp;hxx;hm;inl;inc;xsd</Extensions>
    </Filter>
    <Filter Include="Resource Files">
      <UniqueIdentifier>{67DA6AB6-F800-4c08-8B7A-83BB121AAD01}</UniqueIdentifier>
      <Extensions>rc;ico;cur;bmp;dlg;rc2;rct;bin;rgs;gif;jpg;jpeg;jpe;resx;tiff;tif;png;wav;mfcribbon-ms</Extensions>
    </Filter>
    <Filter Include="Base">
      <UniqueIdentifier>{fe9c1229-1e55-4973-9e5e-562ca1ffdbdb}</UniqueIdentifier>
    </Filter>
    <Filter Include="templates">
      <UniqueIdentifier>{71ce3e11-7d2b-4b4b-8872-d57e831534ef}</UniqueIdentifier>
    </Filter>
    <Filter Include="Stored">
      <UniqueIdentifier>{eb3afe41-0d7d-4d89-9e87-f4d7f51e126d}</UniqueIdentifier>
    </Filter>
    <Filter Include="ItemsData">
      <UniqueIdentifier>{6072a4b3-08a4-4978-8602-ad46af89b50e}</UniqueIdentifier>
    </Filter>
    <Filter Include="App">
      <UniqueIdentifier>{ff230825-5081-47d8-b78a-96db298e1c28}</UniqueIdentifier>
    </Filter>
  </ItemGroup>
  <ItemGroup>
    <None Include="ReadMe.txt" />
  </ItemGroup>
  <ItemGroup>
    <ClInclude Include="stdafx.h">
      <Filter>Header Files</Filter>
    </ClInclude>
    <ClInclude Include="targetver.h">
      <Filter>Header Files</Filter>
    </ClInclude>
    <ClInclude Include="..\..\Common\Base\Base.hpp">
      <Filter>Base</Filter>
    </ClInclude>
    <ClInclude Include="..\..\Common\Base\ExpressBase.hpp">
      <Filter>Base</Filter>
    </ClInclude>
    <ClInclude Include="..\..\Common\Base\tables.hpp">
      <Filter>Base</Filter>
    </ClInclude>
    <ClInclude Include="..\..\Common\Base\TablesDefine.h">
      <Filter>Base</Filter>
    </ClInclude>
    <ClInclude Include="..\..\Common\templates\Frame.h">
      <Filter>templates</Filter>
    </ClInclude>
    <ClInclude Include="..\..\Common\templates\templates.hpp">
      <Filter>templates</Filter>
    </ClInclude>
    <ClInclude Include="..\..\Common\templates\typelist.hpp">
      <Filter>templates</Filter>
    </ClInclude>
    <ClInclude Include="..\..\Common\templates\Hash.h">
      <Filter>templates</Filter>
    </ClInclude>
    <ClInclude Include="Stored\Stored.h">
      <Filter>Stored</Filter>
    </ClInclude>
    <ClInclude Include="Stored\StoredBase.h">
      <Filter>Stored</Filter>
    </ClInclude>
    <ClInclude Include="..\..\Units\Defectoscope\ItemsData\USPCData.h">
      <Filter>ItemsData</Filter>
    </ClInclude>
    <ClInclude Include="..\..\Units\Defectoscope\App\TablesDefine.h">
      <Filter>App</Filter>
    </ClInclude>
    <ClInclude Include="App.h">
      <Filter>App</Filter>
    </ClInclude>
    <ClInclude Include="..\..\Units\Defectoscope\App\AppBase.h">
      <Filter>App</Filter>
    </ClInclude>
  </ItemGroup>
  <ItemGroup>
    <ClCompile Include="stdafx.cpp">
      <Filter>Source Files</Filter>
    </ClCompile>
    <ClCompile Include="Test_Base.cpp">
      <Filter>Source Files</Filter>
    </ClCompile>
    <ClCompile Include="..\..\Common\templates\Frame.cpp">
      <Filter>templates</Filter>
    </ClCompile>
    <ClCompile Include="..\..\Common\templates\Hash.cpp">
      <Filter>templates</Filter>
    </ClCompile>
    <ClCompile Include="Stored\Stored.cpp">
      <Filter>Stored</Filter>
    </ClCompile>
    <ClCompile Include="..\..\Units\Defectoscope\ItemsData\USPCData.cpp">
      <Filter>ItemsData</Filter>
    </ClCompile>
  </ItemGroup>
</Project>