<?xml version="1.0" encoding="utf-8"?>
<Project ToolsVersion="4.0" xmlns="http://schemas.microsoft.com/developer/msbuild/2003">
  <ItemGroup>
    <Filter Include="Source Files">
      <UniqueIdentifier>{4FC737F1-C7A5-4376-A066-2A32D752A2FF}</UniqueIdentifier>
      <Extensions>cpp;c;cc;cxx;def;odl;idl;hpj;bat;asm;asmx</Extensions>
    </Filter>
    <Filter Include="Header Files">
      <UniqueIdentifier>{93995380-89BD-4b04-88EB-625FBE52EBFB}</UniqueIdentifier>
      <Extensions>h;hpp;hxx;hm;inl;inc;xsd</Extensions>
    </Filter>
    <Filter Include="Resource Files">
      <UniqueIdentifier>{67DA6AB6-F800-4c08-8B7A-83BB121AAD01}</UniqueIdentifier>
      <Extensions>rc;ico;cur;bmp;dlg;rc2;rct;bin;rgs;gif;jpg;jpeg;jpe;resx;tiff;tif;png;wav;mfcribbon-ms</Extensions>
    </Filter>
    <Filter Include="Windows">
      <UniqueIdentifier>{61b290c6-ef31-4680-b636-406e0acbbb5f}</UniqueIdentifier>
    </Filter>
    <Filter Include="App">
      <UniqueIdentifier>{c581ccc4-5a69-4f7d-8cb0-c69cd8f216cc}</UniqueIdentifier>
    </Filter>
    <Filter Include="Graphics">
      <UniqueIdentifier>{e9bec514-adf5-4ea9-920a-7c1bbe512079}</UniqueIdentifier>
    </Filter>
    <Filter Include="ItemsData">
      <UniqueIdentifier>{5400e3f5-3241-42ae-8441-19ac49aaa505}</UniqueIdentifier>
    </Filter>
    <Filter Include="debug_tools">
      <UniqueIdentifier>{b9a73b2f-4b83-46b5-bcfc-6825d2b58321}</UniqueIdentifier>
    </Filter>
    <Filter Include="Ini">
      <UniqueIdentifier>{40f2208b-ae8b-4187-a4ac-a1ea6e155b45}</UniqueIdentifier>
    </Filter>
    <Filter Include="window_tool">
      <UniqueIdentifier>{e2251be4-27a2-453b-b6ed-67c4a407a6b3}</UniqueIdentifier>
    </Filter>
    <Filter Include="Filtre">
      <UniqueIdentifier>{da7dde1c-1fba-44bf-980a-f1658428465b}</UniqueIdentifier>
    </Filter>
    <Filter Include="Compute">
      <UniqueIdentifier>{167d1e0b-106a-4e50-89f0-3dcd3d286891}</UniqueIdentifier>
    </Filter>
    <Filter Include="MessageText">
      <UniqueIdentifier>{b7160b19-4c77-46f5-a58f-e52513e7c6b0}</UniqueIdentifier>
    </Filter>
    <Filter Include="Windows\Dialogs">
      <UniqueIdentifier>{39c8b2f2-e2cc-436e-b3ac-d579c04ef895}</UniqueIdentifier>
    </Filter>
    <Filter Include="Stored">
      <UniqueIdentifier>{72db2261-476a-4e39-8962-a5e2d6d527c5}</UniqueIdentifier>
    </Filter>
    <Filter Include="IOports">
      <UniqueIdentifier>{35d02874-adf9-4622-bece-69c9e787db61}</UniqueIdentifier>
    </Filter>
    <Filter Include="PacketWindow">
      <UniqueIdentifier>{dbed0feb-eb9d-4697-8353-ae9ce5f68665}</UniqueIdentifier>
    </Filter>
    <Filter Include="DlgTemplates">
      <UniqueIdentifier>{25ecd7f3-d3a1-44aa-8ff7-073888efad7c}</UniqueIdentifier>
    </Filter>
    <Filter Include="USPC">
      <UniqueIdentifier>{7bdaf363-c4b7-49ac-8740-d46e5431dc39}</UniqueIdentifier>
    </Filter>
    <Filter Include="templates">
      <UniqueIdentifier>{92bf35e8-0b50-4cc6-af4d-1e0ae848d94e}</UniqueIdentifier>
    </Filter>
  </ItemGroup>
  <ItemGroup>
    <None Include="ReadMe.txt" />
  </ItemGroup>
  <ItemGroup>
    <ClInclude Include="stdafx.h">
      <Filter>Header Files</Filter>
    </ClInclude>
    <ClInclude Include="targetver.h">
      <Filter>Header Files</Filter>
    </ClInclude>
    <ClInclude Include="Lib.h">
      <Filter>Header Files</Filter>
    </ClInclude>
    <ClInclude Include="..\..\Units\Defectoscope\Windows\CrossViewer.h">
      <Filter>Windows</Filter>
    </ClInclude>
    <ClInclude Include="..\..\Common\window_tool\message.h">
      <Filter>Windows</Filter>
    </ClInclude>
    <ClInclude Include="..\..\Units\Defectoscope\App\App.h">
      <Filter>App</Filter>
    </ClInclude>
    <ClInclude Include="..\..\Units\Defectoscope\App\AppBase.h">
      <Filter>App</Filter>
    </ClInclude>
    <ClInclude Include="..\..\Units\Defectoscope\App\Config.h">
      <Filter>App</Filter>
    </ClInclude>
    <ClInclude Include="..\..\Units\Defectoscope\App\TablesDefine.h">
      <Filter>App</Filter>
    </ClInclude>
    <ClInclude Include="..\..\Units\Defectoscope\Resource.h">
      <Filter>Header Files</Filter>
    </ClInclude>
    <ClInclude Include="..\..\Common\Graphics\Chart.h">
      <Filter>Graphics</Filter>
    </ClInclude>
    <ClInclude Include="..\..\Common\Graphics\ColorLabel.h">
      <Filter>Graphics</Filter>
    </ClInclude>
    <ClInclude Include="..\..\Units\Defectoscope\ItemsData\ConstData.h">
      <Filter>ItemsData</Filter>
    </ClInclude>
    <ClInclude Include="..\..\Common\Graphics\FixedGridSeries.h">
      <Filter>Graphics</Filter>
    </ClInclude>
    <ClInclude Include="..\..\Common\Graphics\GridChart.h">
      <Filter>Graphics</Filter>
    </ClInclude>
    <ClInclude Include="..\..\Common\debug_tools\DebugMess.h">
      <Filter>debug_tools</Filter>
    </ClInclude>
    <ClInclude Include="..\..\Units\Defectoscope\Windows\CrossWindow.h">
      <Filter>Windows</Filter>
    </ClInclude>
    <ClInclude Include="..\..\Common\Ini\ItemIni.h">
      <Filter>Ini</Filter>
    </ClInclude>
    <ClInclude Include="..\..\Common\Ini\WindowsPosition.h">
      <Filter>Ini</Filter>
    </ClInclude>
    <ClInclude Include="..\..\Common\window_tool\Emptywindow.h">
      <Filter>window_tool</Filter>
    </ClInclude>
    <ClInclude Include="..\..\Common\window_tool\MenuAPI.h">
      <Filter>window_tool</Filter>
    </ClInclude>
    <ClInclude Include="..\..\Common\Graphics\BarSeries.h">
      <Filter>Graphics</Filter>
    </ClInclude>
    <ClInclude Include="..\..\Units\Defectoscope\Windows\LineViewer.h">
      <Filter>Windows</Filter>
    </ClInclude>
    <ClInclude Include="..\..\Units\Defectoscope\ItemsData\DataViewer.h">
      <Filter>ItemsData</Filter>
    </ClInclude>
    <ClInclude Include="..\..\Common\Filtre\MedianFiltre.h">
      <Filter>Filtre</Filter>
    </ClInclude>
    <ClInclude Include="..\..\Units\Defectoscope\Windows\ScanWindow.h">
      <Filter>Windows</Filter>
    </ClInclude>
    <ClInclude Include="..\..\Common\Graphics\Borders.h">
      <Filter>Graphics</Filter>
    </ClInclude>
    <ClInclude Include="..\..\Units\Defectoscope\Windows\LongViewer.h">
      <Filter>Windows</Filter>
    </ClInclude>
    <ClInclude Include="..\..\Units\Defectoscope\Windows\LongWindow.h">
      <Filter>Windows</Filter>
    </ClInclude>
    <ClInclude Include="..\..\Units\Defectoscope\Windows\ThicknessViewer.h">
      <Filter>Windows</Filter>
    </ClInclude>
    <ClInclude Include="..\..\Units\Defectoscope\Windows\ThicknessWindow.h">
      <Filter>Windows</Filter>
    </ClInclude>
    <ClInclude Include="..\..\Units\Defectoscope\Compute.h">
      <Filter>Compute</Filter>
    </ClInclude>
    <ClInclude Include="..\..\Units\Defectoscope\MessageText\LabelMessage.h">
      <Filter>MessageText</Filter>
    </ClInclude>
    <ClInclude Include="..\..\Units\Defectoscope\MessageText\SelectMessage.h">
      <Filter>MessageText</Filter>
    </ClInclude>
    <ClInclude Include="..\..\Units\Defectoscope\ItemsData\ResultData.h">
      <Filter>ItemsData</Filter>
    </ClInclude>
    <ClInclude Include="..\..\Units\Defectoscope\ItemsData\USPCData.h">
      <Filter>ItemsData</Filter>
    </ClInclude>
    <ClInclude Include="..\..\Units\Defectoscope\Windows\TopLabelViewer.h">
      <Filter>Windows</Filter>
    </ClInclude>
    <ClInclude Include="..\..\Common\window_tool\SelectTypeSizeList.h">
      <Filter>window_tool</Filter>
    </ClInclude>
    <ClInclude Include="..\..\Units\Defectoscope\Windows\MainWindow.h">
      <Filter>Windows</Filter>
    </ClInclude>
    <ClInclude Include="..\..\Units\Defectoscope\Windows\MainWindowToolBar.h">
      <Filter>Windows</Filter>
    </ClInclude>
    <ClInclude Include="..\..\Units\Defectoscope\Windows\ResultViewer.h">
      <Filter>Windows</Filter>
    </ClInclude>
    <ClInclude Include="..\..\Units\Defectoscope\Stored\PacketBase.h">
      <Filter>Stored</Filter>
    </ClInclude>
    <ClInclude Include="..\..\Units\Defectoscope\Stored\Stored.h">
      <Filter>Stored</Filter>
    </ClInclude>
    <ClInclude Include="..\..\Units\Defectoscope\Stored\StoredBase.h">
      <Filter>Stored</Filter>
    </ClInclude>
    <ClInclude Include="..\..\Units\Defectoscope\Windows\CrossThresholdWindow.h">
      <Filter>Windows</Filter>
    </ClInclude>
    <ClInclude Include="..\..\Units\Defectoscope\IOports\IOportsViewer.h">
      <Filter>IOports</Filter>
    </ClInclude>
    <ClInclude Include="..\..\Units\Defectoscope\IOports\IOportsWindow.h">
      <Filter>IOports</Filter>
    </ClInclude>
    <ClInclude Include="..\..\Units\Defectoscope\IOports\IOportsWindowMenu.hpp">
      <Filter>IOports</Filter>
    </ClInclude>
    <ClInclude Include="..\..\Units\Defectoscope\Windows\LongThresholdWindow.h">
      <Filter>Windows</Filter>
    </ClInclude>
    <ClInclude Include="..\..\Units\Defectoscope\Windows\ThicknessThresholdWindow.h">
      <Filter>Windows</Filter>
    </ClInclude>
    <ClInclude Include="..\..\Units\Defectoscope\Windows\ThresholdWindow.h">
      <Filter>Windows</Filter>
    </ClInclude>
    <ClInclude Include="..\..\Common\Graphics\EmptyLeftAxes.h">
      <Filter>Graphics</Filter>
    </ClInclude>
    <ClInclude Include="..\..\Units\Defectoscope\Windows\GridWindow.h">
      <Filter>PacketWindow</Filter>
    </ClInclude>
    <ClInclude Include="..\..\Units\Defectoscope\Windows\PacketTemplateWindow.hpp">
      <Filter>PacketWindow</Filter>
    </ClInclude>
    <ClInclude Include="..\..\Units\Defectoscope\Windows\PacketWindow.h">
      <Filter>PacketWindow</Filter>
    </ClInclude>
    <ClInclude Include="..\..\Common\window_tool\DlgFiles.h">
      <Filter>window_tool</Filter>
    </ClInclude>
    <ClInclude Include="..\..\Common\DlgTemplates\dlg.hpp">
      <Filter>DlgTemplates</Filter>
    </ClInclude>
    <ClInclude Include="..\..\Common\DlgTemplates\DlgItems.h">
      <Filter>DlgTemplates</Filter>
    </ClInclude>
    <ClInclude Include="..\..\Common\DlgTemplates\DlgTemplate.hpp">
      <Filter>DlgTemplates</Filter>
    </ClInclude>
    <ClInclude Include="..\..\Common\DlgTemplates\dlg_templates.h">
      <Filter>DlgTemplates</Filter>
    </ClInclude>
    <ClInclude Include="..\..\Common\DlgTemplates\EditDlg.h">
      <Filter>DlgTemplates</Filter>
    </ClInclude>
    <ClInclude Include="..\..\Common\DlgTemplates\ParamDlg.h">
      <Filter>DlgTemplates</Filter>
    </ClInclude>
    <ClInclude Include="..\..\Common\DlgTemplates\ParamDlg.hpp">
      <Filter>DlgTemplates</Filter>
    </ClInclude>
    <ClInclude Include="..\..\Common\DlgTemplates\TabWidgets.h">
      <Filter>DlgTemplates</Filter>
    </ClInclude>
    <ClInclude Include="..\..\Common\window_tool\Pass.h">
      <Filter>window_tool</Filter>
    </ClInclude>
    <ClInclude Include="..\..\Common\Graphics\StepSeries.h">
      <Filter>Graphics</Filter>
    </ClInclude>
    <ClInclude Include="..\..\Common\USPC\ut_files.h">
      <Filter>USPC</Filter>
    </ClInclude>
    <ClInclude Include="..\..\Common\window_tool\Grid.h">
      <Filter>window_tool</Filter>
    </ClInclude>
    <ClInclude Include="..\..\Common\window_tool\GridNotify.hpp">
      <Filter>window_tool</Filter>
    </ClInclude>
    <ClInclude Include="..\..\Common\window_tool\GridItems.h">
      <Filter>window_tool</Filter>
    </ClInclude>
    <ClInclude Include="..\..\Common\templates\Hash.h">
      <Filter>templates</Filter>
    </ClInclude>
  </ItemGroup>
  <ItemGroup>
    <ClCompile Include="stdafx.cpp">
      <Filter>Source Files</Filter>
    </ClCompile>
    <ClCompile Include="Lib.cpp">
      <Filter>Source Files</Filter>
    </ClCompile>
    <ClCompile Include="..\..\Units\Defectoscope\Windows\CrossViewer.cpp">
      <Filter>Windows</Filter>
    </ClCompile>
    <ClCompile Include="..\..\Units\Defectoscope\App\App.cpp">
      <Filter>App</Filter>
    </ClCompile>
    <ClCompile Include="..\..\Units\Defectoscope\App\AppBase.cpp">
      <Filter>App</Filter>
    </ClCompile>
    <ClCompile Include="..\..\Common\Graphics\Chart.cpp">
      <Filter>Graphics</Filter>
    </ClCompile>
    <ClCompile Include="..\..\Common\Graphics\ColorLabel.cpp">
      <Filter>Graphics</Filter>
    </ClCompile>
    <ClCompile Include="..\..\Units\Defectoscope\ItemsData\ConstData.cpp">
      <Filter>ItemsData</Filter>
    </ClCompile>
    <ClCompile Include="..\..\Common\Graphics\FixedGridSeries.cpp">
      <Filter>Graphics</Filter>
    </ClCompile>
    <ClCompile Include="..\..\Common\Graphics\GridChart.cpp">
      <Filter>Graphics</Filter>
    </ClCompile>
    <ClCompile Include="..\..\Common\debug_tools\DebugMess.cpp">
      <Filter>debug_tools</Filter>
    </ClCompile>
    <ClCompile Include="..\..\Units\Defectoscope\Windows\CrossWindow.cpp">
      <Filter>Windows</Filter>
    </ClCompile>
    <ClCompile Include="..\..\Common\Ini\ItemIni.cpp">
      <Filter>Ini</Filter>
    </ClCompile>
    <ClCompile Include="..\..\Common\Ini\WindowsPosition.cpp">
      <Filter>Ini</Filter>
    </ClCompile>
    <ClCompile Include="..\..\Common\window_tool\EmptyWindow.cpp">
      <Filter>window_tool</Filter>
    </ClCompile>
    <ClCompile Include="..\..\Common\window_tool\MenuAPI.cpp">
      <Filter>window_tool</Filter>
    </ClCompile>
    <ClCompile Include="..\..\Common\Graphics\BarSeries.cpp">
      <Filter>Graphics</Filter>
    </ClCompile>
    <ClCompile Include="..\..\Units\Defectoscope\Windows\LineViewer.cpp">
      <Filter>Windows</Filter>
    </ClCompile>
    <ClCompile Include="..\..\Units\Defectoscope\ItemsData\DataViewer.cpp">
      <Filter>ItemsData</Filter>
    </ClCompile>
    <ClCompile Include="..\..\Common\Filtre\MedianFiltre.cpp">
      <Filter>Filtre</Filter>
    </ClCompile>
    <ClCompile Include="..\..\Units\Defectoscope\Windows\ScanWindow.cpp">
      <Filter>Windows</Filter>
    </ClCompile>
    <ClCompile Include="..\..\Common\Graphics\Borders.cpp">
      <Filter>Graphics</Filter>
    </ClCompile>
    <ClCompile Include="..\..\Units\Defectoscope\Windows\LongViewer.cpp">
      <Filter>Windows</Filter>
    </ClCompile>
    <ClCompile Include="..\..\Units\Defectoscope\Windows\LongWindow.cpp">
      <Filter>Windows</Filter>
    </ClCompile>
    <ClCompile Include="..\..\Units\Defectoscope\Windows\ThicknessViewer.cpp">
      <Filter>Windows</Filter>
    </ClCompile>
    <ClCompile Include="..\..\Units\Defectoscope\Windows\ThicknessWindow.cpp">
      <Filter>Windows</Filter>
    </ClCompile>
    <ClCompile Include="..\..\Units\Defectoscope\ItemsData\DataThicknessViewer.cpp">
      <Filter>ItemsData</Filter>
    </ClCompile>
    <ClCompile Include="..\..\Units\Defectoscope\Compute.cpp">
      <Filter>Compute</Filter>
    </ClCompile>
    <ClCompile Include="..\..\Units\Defectoscope\MessageText\SelectMessage.cpp">
      <Filter>MessageText</Filter>
    </ClCompile>
    <ClCompile Include="..\..\Units\Defectoscope\ItemsData\ResultData.cpp">
      <Filter>ItemsData</Filter>
    </ClCompile>
    <ClCompile Include="..\..\Units\Defectoscope\ItemsData\USPCData.cpp">
      <Filter>ItemsData</Filter>
    </ClCompile>
    <ClCompile Include="..\..\Units\Defectoscope\Windows\TopLabelViewer.cpp">
      <Filter>Windows</Filter>
    </ClCompile>
    <ClCompile Include="..\..\Common\window_tool\SelectTypeSizeList.cpp">
      <Filter>window_tool</Filter>
    </ClCompile>
    <ClCompile Include="..\..\Units\Defectoscope\Windows\MainWindow.cpp">
      <Filter>Windows</Filter>
    </ClCompile>
    <ClCompile Include="..\..\Units\Defectoscope\Windows\MainWindowToolBar.cpp">
      <Filter>Windows</Filter>
    </ClCompile>
    <ClCompile Include="..\..\Units\Defectoscope\Windows\ResultViewer.cpp">
      <Filter>Windows</Filter>
    </ClCompile>
    <ClCompile Include="..\..\Units\Defectoscope\Dialogs\StoredLoadData.cpp">
      <Filter>Windows\Dialogs</Filter>
    </ClCompile>
    <ClCompile Include="..\..\Units\Defectoscope\Dialogs\DeadZonesDlg.cpp">
      <Filter>Windows\Dialogs</Filter>
    </ClCompile>
    <ClCompile Include="..\..\Units\Defectoscope\Stored\PacketBase.cpp">
      <Filter>Stored</Filter>
    </ClCompile>
    <ClCompile Include="..\..\Units\Defectoscope\Stored\Stored.cpp">
      <Filter>Stored</Filter>
    </ClCompile>
    <ClCompile Include="..\..\Units\Defectoscope\Dialogs\MedianFiltreDlg.cpp">
      <Filter>Windows\Dialogs</Filter>
    </ClCompile>
    <ClCompile Include="..\..\Units\Defectoscope\Windows\CrossThresholdWindow.cpp">
      <Filter>Windows</Filter>
    </ClCompile>
    <ClCompile Include="..\..\Units\Defectoscope\IOports\IOportsDlg.cpp">
      <Filter>IOports</Filter>
    </ClCompile>
    <ClCompile Include="..\..\Units\Defectoscope\IOports\IOportsViewer.cpp">
      <Filter>IOports</Filter>
    </ClCompile>
    <ClCompile Include="..\..\Units\Defectoscope\IOports\IOportsWindow.cpp">
      <Filter>IOports</Filter>
    </ClCompile>
    <ClCompile Include="..\..\Units\Defectoscope\Dialogs\AboutWindow.cpp">
      <Filter>Windows\Dialogs</Filter>
    </ClCompile>
    <ClCompile Include="..\..\Units\Defectoscope\Windows\LongThresholdWindow.cpp">
      <Filter>Windows</Filter>
    </ClCompile>
    <ClCompile Include="..\..\Units\Defectoscope\Dialogs\OffsetsSensors.cpp">
      <Filter>Windows\Dialogs</Filter>
    </ClCompile>
    <ClCompile Include="..\..\Units\Defectoscope\Windows\ThicknessThresholdWindow .cpp">
      <Filter>Windows</Filter>
    </ClCompile>
    <ClCompile Include="..\..\Units\Defectoscope\Dialogs\TypeSizeDlg.cpp">
      <Filter>Windows\Dialogs</Filter>
    </ClCompile>
    <ClCompile Include="..\..\Units\Defectoscope\Dialogs\InputOutputDlg.cpp">
      <Filter>Windows\Dialogs</Filter>
    </ClCompile>
    <ClCompile Include="..\..\Units\Defectoscope\Windows\ThresholdWindow.cpp">
      <Filter>Windows</Filter>
    </ClCompile>
    <ClCompile Include="..\..\Units\Defectoscope\Dialogs\ColorItemsDlg.cpp">
      <Filter>Windows\Dialogs</Filter>
    </ClCompile>
    <ClCompile Include="..\..\Units\Defectoscope\Dialogs\TestTabsDlg.cpp">
      <Filter>Windows\Dialogs</Filter>
    </ClCompile>
    <ClCompile Include="..\..\Common\Graphics\EmptyLeftAxes.cpp">
      <Filter>Graphics</Filter>
    </ClCompile>
    <ClCompile Include="..\..\Units\Defectoscope\Windows\GridWindow.cpp">
      <Filter>PacketWindow</Filter>
    </ClCompile>
    <ClCompile Include="..\..\Units\Defectoscope\Windows\PacketWindow.cpp">
      <Filter>PacketWindow</Filter>
    </ClCompile>
    <ClCompile Include="..\..\Common\window_tool\DlgFiles.cpp">
      <Filter>window_tool</Filter>
    </ClCompile>
    <ClCompile Include="..\..\Common\DlgTemplates\DlgItems.cpp">
      <Filter>DlgTemplates</Filter>
    </ClCompile>
    <ClCompile Include="..\..\Common\DlgTemplates\EditDlg.cpp">
      <Filter>DlgTemplates</Filter>
    </ClCompile>
    <ClCompile Include="..\..\Common\DlgTemplates\ParamDlg.cpp">
      <Filter>DlgTemplates</Filter>
    </ClCompile>
    <ClCompile Include="..\..\Common\window_tool\Pass.cpp">
      <Filter>window_tool</Filter>
    </ClCompile>
    <ClCompile Include="..\..\Common\Graphics\StepSeries.cpp">
      <Filter>Graphics</Filter>
    </ClCompile>
    <ClCompile Include="..\..\Common\USPC\ut_files.cpp">
      <Filter>USPC</Filter>
    </ClCompile>
    <ClCompile Include="..\..\Common\window_tool\Grid.cpp">
      <Filter>window_tool</Filter>
    </ClCompile>
    <ClCompile Include="..\..\Common\window_tool\GridItems.cpp">
      <Filter>window_tool</Filter>
    </ClCompile>
    <ClCompile Include="..\..\Common\templates\Hash.cpp">
      <Filter>templates</Filter>
    </ClCompile>
  </ItemGroup>
</Project>